
Microsoft Visual Studio Solution File, Format Version 12.00
# Visual Studio 15
VisualStudioVersion = 15.0.27130.2010
MinimumVisualStudioVersion = 10.0.40219.1
Project("{9A19103F-16F7-4668-BE54-9A1E7A4F7556}") = "LazyAwaitableCache", "LazyAwaitableCache\LazyAwaitableCache.csproj", "{1A645067-3106-4868-A4E2-6AD6D9CA8ED1}"
EndProject
Project("{9A19103F-16F7-4668-BE54-9A1E7A4F7556}") = "LazyAwaitableCacheClient", "LazyAwaitableCacheClient\LazyAwaitableCacheClient.csproj", "{88BDD0E3-4631-4389-A48C-FF5E92E11522}"
EndProject
Project("{2150E333-8FDC-42A3-9474-1A3956D46DE8}") = "Tests", "Tests", "{351F99AA-6872-44C1-9EA7-7EFA79FAE028}"
EndProject
Project("{9A19103F-16F7-4668-BE54-9A1E7A4F7556}") = "LazyAwaitableCache.IntegrationTests", "LazyAwaitableCache.IntegrationTests\LazyAwaitableCache.IntegrationTests.csproj", "{325D9A75-7D8C-4D22-9103-46850B692389}"
EndProject
Project("{FAE04EC0-301F-11D3-BF4B-00C04F79EFBC}") = "LazyAwaitableCache.Tests", "LazyAwaitableCache.Tests\LazyAwaitableCache.Tests.csproj", "{05AC4AA5-11DB-4853-94FA-B5478E84611C}"
EndProject
Global
	GlobalSection(SolutionConfigurationPlatforms) = preSolution
		Debug|Any CPU = Debug|Any CPU
		Release|Any CPU = Release|Any CPU
	EndGlobalSection
	GlobalSection(ProjectConfigurationPlatforms) = postSolution
		{1A645067-3106-4868-A4E2-6AD6D9CA8ED1}.Debug|Any CPU.ActiveCfg = Debug|Any CPU
		{1A645067-3106-4868-A4E2-6AD6D9CA8ED1}.Debug|Any CPU.Build.0 = Debug|Any CPU
		{1A645067-3106-4868-A4E2-6AD6D9CA8ED1}.Release|Any CPU.ActiveCfg = Release|Any CPU
		{1A645067-3106-4868-A4E2-6AD6D9CA8ED1}.Release|Any CPU.Build.0 = Release|Any CPU
		{88BDD0E3-4631-4389-A48C-FF5E92E11522}.Debug|Any CPU.ActiveCfg = Debug|Any CPU
		{88BDD0E3-4631-4389-A48C-FF5E92E11522}.Debug|Any CPU.Build.0 = Debug|Any CPU
		{88BDD0E3-4631-4389-A48C-FF5E92E11522}.Release|Any CPU.ActiveCfg = Release|Any CPU
		{88BDD0E3-4631-4389-A48C-FF5E92E11522}.Release|Any CPU.Build.0 = Release|Any CPU
		{325D9A75-7D8C-4D22-9103-46850B692389}.Debug|Any CPU.ActiveCfg = Debug|Any CPU
		{325D9A75-7D8C-4D22-9103-46850B692389}.Debug|Any CPU.Build.0 = Debug|Any CPU
		{325D9A75-7D8C-4D22-9103-46850B692389}.Release|Any CPU.ActiveCfg = Release|Any CPU
		{325D9A75-7D8C-4D22-9103-46850B692389}.Release|Any CPU.Build.0 = Release|Any CPU
		{05AC4AA5-11DB-4853-94FA-B5478E84611C}.Debug|Any CPU.ActiveCfg = Debug|Any CPU
		{05AC4AA5-11DB-4853-94FA-B5478E84611C}.Debug|Any CPU.Build.0 = Debug|Any CPU
		{05AC4AA5-11DB-4853-94FA-B5478E84611C}.Release|Any CPU.ActiveCfg = Release|Any CPU
		{05AC4AA5-11DB-4853-94FA-B5478E84611C}.Release|Any CPU.Build.0 = Release|Any CPU
	EndGlobalSection
	GlobalSection(SolutionProperties) = preSolution
		HideSolutionNode = FALSE
	EndGlobalSection
	GlobalSection(NestedProjects) = preSolution
		{325D9A75-7D8C-4D22-9103-46850B692389} = {351F99AA-6872-44C1-9EA7-7EFA79FAE028}
		{05AC4AA5-11DB-4853-94FA-B5478E84611C} = {351F99AA-6872-44C1-9EA7-7EFA79FAE028}
	EndGlobalSection
	GlobalSection(ExtensibilityGlobals) = postSolution
		SolutionGuid = {77F6F4EA-30EF-46DF-8E28-C76A8E95D4BE}
	EndGlobalSection
EndGlobal
